
Microsoft Visual Studio Solution File, Format Version 12.00
# Visual Studio Version 17
VisualStudioVersion = 17.6.33815.320
MinimumVisualStudioVersion = 10.0.40219.1
Project("{FAE04EC0-301F-11D3-BF4B-00C04F79EFBC}") = "SistemaInventarioV7", "SistemaInventarioV7\SistemaInventarioV7.csproj", "{8B7A5C0C-3AA9-475E-81BC-094F2B31D6F8}"
EndProject
Global
	GlobalSection(SolutionConfigurationPlatforms) = preSolution
		Debug|Any CPU = Debug|Any CPU
		Release|Any CPU = Release|Any CPU
	EndGlobalSection
	GlobalSection(ProjectConfigurationPlatforms) = postSolution
		{8B7A5C0C-3AA9-475E-81BC-094F2B31D6F8}.Debug|Any CPU.ActiveCfg = Debug|Any CPU
		{8B7A5C0C-3AA9-475E-81BC-094F2B31D6F8}.Debug|Any CPU.Build.0 = Debug|Any CPU
		{8B7A5C0C-3AA9-475E-81BC-094F2B31D6F8}.Release|Any CPU.ActiveCfg = Release|Any CPU
		{8B7A5C0C-3AA9-475E-81BC-094F2B31D6F8}.Release|Any CPU.Build.0 = Release|Any CPU
	EndGlobalSection
	GlobalSection(SolutionProperties) = preSolution
		HideSolutionNode = FALSE
	EndGlobalSection
	GlobalSection(ExtensibilityGlobals) = postSolution
		SolutionGuid = {CF7363B0-DD12-4E8B-9C01-68D70961954F}
	EndGlobalSection
EndGlobal
